
Microsoft Visual Studio Solution File, Format Version 12.00
# Visual Studio Version 17
VisualStudioVersion = 17.11.35222.181
MinimumVisualStudioVersion = 10.0.40219.1
Project("{888888A0-9F3D-457C-B088-3A5042F75D52}") = "Lab_5_Pantsiuk", "Lab_5_Pantsiuk\Lab_5_Pantsiuk.pyproj", "{EF1DFC54-17E8-4895-AE96-18B7B0EAAD0E}"
EndProject
Global
	GlobalSection(SolutionConfigurationPlatforms) = preSolution
		Debug|Any CPU = Debug|Any CPU
		Release|Any CPU = Release|Any CPU
	EndGlobalSection
	GlobalSection(ProjectConfigurationPlatforms) = postSolution
		{EF1DFC54-17E8-4895-AE96-18B7B0EAAD0E}.Debug|Any CPU.ActiveCfg = Debug|Any CPU
		{EF1DFC54-17E8-4895-AE96-18B7B0EAAD0E}.Release|Any CPU.ActiveCfg = Release|Any CPU
	EndGlobalSection
	GlobalSection(SolutionProperties) = preSolution
		HideSolutionNode = FALSE
	EndGlobalSection
	GlobalSection(ExtensibilityGlobals) = postSolution
		SolutionGuid = {3EAD5D97-4574-4E52-8A64-463098CA1DEB}
	EndGlobalSection
EndGlobal
